
Microsoft Visual Studio Solution File, Format Version 12.00
# Visual Studio 15
VisualStudioVersion = 15.0.26124.0
MinimumVisualStudioVersion = 15.0.26124.0
Project("{FAE04EC0-301F-11D3-BF4B-00C04F79EFBC}") = "Sharpbox.Performance", "src\Sharpbox.Performance\Sharpbox.Performance.csproj", "{D19AA08A-E26B-4313-8BF4-E53CAB9C7B23}"
EndProject
Project("{2150E333-8FDC-42A3-9474-1A3956D46DE8}") = "src", "src", "{5D56EF88-B436-4C55-A8EB-51BCECF3A7AA}"
EndProject
Project("{FAE04EC0-301F-11D3-BF4B-00C04F79EFBC}") = "Sharpbox.Demo", "src\Sharpbox.Demo\Sharpbox.Demo.csproj", "{971EC4A6-79AA-41BD-840A-A124452C9C0D}"
EndProject
Project("{FAE04EC0-301F-11D3-BF4B-00C04F79EFBC}") = "Sharpbox.Client", "src\Sharpbox.Client\Sharpbox.Client.csproj", "{9A38EC49-A559-4A03-9B60-75F6764377FE}"
EndProject
Project("{FAE04EC0-301F-11D3-BF4B-00C04F79EFBC}") = "Sharpbox.Grains", "src\Sharpbox.Grains\Sharpbox.Grains.csproj", "{6E593A23-4973-4DBB-A6BB-BFDB69B72D45}"
EndProject
Project("{FAE04EC0-301F-11D3-BF4B-00C04F79EFBC}") = "Sharpbox.Silo", "src\Sharpbox.Silo\Sharpbox.Silo.csproj", "{C1DCD24B-B0B5-4F50-827F-CD66F12C7FD9}"
EndProject
Project("{FAE04EC0-301F-11D3-BF4B-00C04F79EFBC}") = "Sharpbox.Graceful", "src\Sharpbox.Graceful\Sharpbox.Graceful.csproj", "{7A360AFA-83AC-40E8-9851-D1AAEB010027}"
EndProject
Project("{FAE04EC0-301F-11D3-BF4B-00C04F79EFBC}") = "Sharpbox.Api", "src\Sharpbox.Api\Sharpbox.Api.csproj", "{0A5D5793-05AE-464A-89E2-9E5E659626FB}"
EndProject
Global
	GlobalSection(SolutionConfigurationPlatforms) = preSolution
		Debug|Any CPU = Debug|Any CPU
		Debug|x64 = Debug|x64
		Debug|x86 = Debug|x86
		Release|Any CPU = Release|Any CPU
		Release|x64 = Release|x64
		Release|x86 = Release|x86
	EndGlobalSection
	GlobalSection(SolutionProperties) = preSolution
		HideSolutionNode = FALSE
	EndGlobalSection
	GlobalSection(ProjectConfigurationPlatforms) = postSolution
		{D19AA08A-E26B-4313-8BF4-E53CAB9C7B23}.Debug|Any CPU.ActiveCfg = Debug|Any CPU
		{D19AA08A-E26B-4313-8BF4-E53CAB9C7B23}.Debug|Any CPU.Build.0 = Debug|Any CPU
		{D19AA08A-E26B-4313-8BF4-E53CAB9C7B23}.Debug|x64.ActiveCfg = Debug|Any CPU
		{D19AA08A-E26B-4313-8BF4-E53CAB9C7B23}.Debug|x64.Build.0 = Debug|Any CPU
		{D19AA08A-E26B-4313-8BF4-E53CAB9C7B23}.Debug|x86.ActiveCfg = Debug|Any CPU
		{D19AA08A-E26B-4313-8BF4-E53CAB9C7B23}.Debug|x86.Build.0 = Debug|Any CPU
		{D19AA08A-E26B-4313-8BF4-E53CAB9C7B23}.Release|Any CPU.ActiveCfg = Release|Any CPU
		{D19AA08A-E26B-4313-8BF4-E53CAB9C7B23}.Release|Any CPU.Build.0 = Release|Any CPU
		{D19AA08A-E26B-4313-8BF4-E53CAB9C7B23}.Release|x64.ActiveCfg = Release|Any CPU
		{D19AA08A-E26B-4313-8BF4-E53CAB9C7B23}.Release|x64.Build.0 = Release|Any CPU
		{D19AA08A-E26B-4313-8BF4-E53CAB9C7B23}.Release|x86.ActiveCfg = Release|Any CPU
		{D19AA08A-E26B-4313-8BF4-E53CAB9C7B23}.Release|x86.Build.0 = Release|Any CPU
		{971EC4A6-79AA-41BD-840A-A124452C9C0D}.Debug|Any CPU.ActiveCfg = Debug|Any CPU
		{971EC4A6-79AA-41BD-840A-A124452C9C0D}.Debug|Any CPU.Build.0 = Debug|Any CPU
		{971EC4A6-79AA-41BD-840A-A124452C9C0D}.Debug|x64.ActiveCfg = Debug|Any CPU
		{971EC4A6-79AA-41BD-840A-A124452C9C0D}.Debug|x64.Build.0 = Debug|Any CPU
		{971EC4A6-79AA-41BD-840A-A124452C9C0D}.Debug|x86.ActiveCfg = Debug|Any CPU
		{971EC4A6-79AA-41BD-840A-A124452C9C0D}.Debug|x86.Build.0 = Debug|Any CPU
		{971EC4A6-79AA-41BD-840A-A124452C9C0D}.Release|Any CPU.ActiveCfg = Release|Any CPU
		{971EC4A6-79AA-41BD-840A-A124452C9C0D}.Release|Any CPU.Build.0 = Release|Any CPU
		{971EC4A6-79AA-41BD-840A-A124452C9C0D}.Release|x64.ActiveCfg = Release|Any CPU
		{971EC4A6-79AA-41BD-840A-A124452C9C0D}.Release|x64.Build.0 = Release|Any CPU
		{971EC4A6-79AA-41BD-840A-A124452C9C0D}.Release|x86.ActiveCfg = Release|Any CPU
		{971EC4A6-79AA-41BD-840A-A124452C9C0D}.Release|x86.Build.0 = Release|Any CPU
		{9A38EC49-A559-4A03-9B60-75F6764377FE}.Debug|Any CPU.ActiveCfg = Debug|Any CPU
		{9A38EC49-A559-4A03-9B60-75F6764377FE}.Debug|Any CPU.Build.0 = Debug|Any CPU
		{9A38EC49-A559-4A03-9B60-75F6764377FE}.Debug|x64.ActiveCfg = Debug|Any CPU
		{9A38EC49-A559-4A03-9B60-75F6764377FE}.Debug|x64.Build.0 = Debug|Any CPU
		{9A38EC49-A559-4A03-9B60-75F6764377FE}.Debug|x86.ActiveCfg = Debug|Any CPU
		{9A38EC49-A559-4A03-9B60-75F6764377FE}.Debug|x86.Build.0 = Debug|Any CPU
		{9A38EC49-A559-4A03-9B60-75F6764377FE}.Release|Any CPU.ActiveCfg = Release|Any CPU
		{9A38EC49-A559-4A03-9B60-75F6764377FE}.Release|Any CPU.Build.0 = Release|Any CPU
		{9A38EC49-A559-4A03-9B60-75F6764377FE}.Release|x64.ActiveCfg = Release|Any CPU
		{9A38EC49-A559-4A03-9B60-75F6764377FE}.Release|x64.Build.0 = Release|Any CPU
		{9A38EC49-A559-4A03-9B60-75F6764377FE}.Release|x86.ActiveCfg = Release|Any CPU
		{9A38EC49-A559-4A03-9B60-75F6764377FE}.Release|x86.Build.0 = Release|Any CPU
		{6E593A23-4973-4DBB-A6BB-BFDB69B72D45}.Debug|Any CPU.ActiveCfg = Debug|Any CPU
		{6E593A23-4973-4DBB-A6BB-BFDB69B72D45}.Debug|Any CPU.Build.0 = Debug|Any CPU
		{6E593A23-4973-4DBB-A6BB-BFDB69B72D45}.Debug|x64.ActiveCfg = Debug|Any CPU
		{6E593A23-4973-4DBB-A6BB-BFDB69B72D45}.Debug|x64.Build.0 = Debug|Any CPU
		{6E593A23-4973-4DBB-A6BB-BFDB69B72D45}.Debug|x86.ActiveCfg = Debug|Any CPU
		{6E593A23-4973-4DBB-A6BB-BFDB69B72D45}.Debug|x86.Build.0 = Debug|Any CPU
		{6E593A23-4973-4DBB-A6BB-BFDB69B72D45}.Release|Any CPU.ActiveCfg = Release|Any CPU
		{6E593A23-4973-4DBB-A6BB-BFDB69B72D45}.Release|Any CPU.Build.0 = Release|Any CPU
		{6E593A23-4973-4DBB-A6BB-BFDB69B72D45}.Release|x64.ActiveCfg = Release|Any CPU
		{6E593A23-4973-4DBB-A6BB-BFDB69B72D45}.Release|x64.Build.0 = Release|Any CPU
		{6E593A23-4973-4DBB-A6BB-BFDB69B72D45}.Release|x86.ActiveCfg = Release|Any CPU
		{6E593A23-4973-4DBB-A6BB-BFDB69B72D45}.Release|x86.Build.0 = Release|Any CPU
		{C1DCD24B-B0B5-4F50-827F-CD66F12C7FD9}.Debug|Any CPU.ActiveCfg = Debug|Any CPU
		{C1DCD24B-B0B5-4F50-827F-CD66F12C7FD9}.Debug|Any CPU.Build.0 = Debug|Any CPU
		{C1DCD24B-B0B5-4F50-827F-CD66F12C7FD9}.Debug|x64.ActiveCfg = Debug|Any CPU
		{C1DCD24B-B0B5-4F50-827F-CD66F12C7FD9}.Debug|x64.Build.0 = Debug|Any CPU
		{C1DCD24B-B0B5-4F50-827F-CD66F12C7FD9}.Debug|x86.ActiveCfg = Debug|Any CPU
		{C1DCD24B-B0B5-4F50-827F-CD66F12C7FD9}.Debug|x86.Build.0 = Debug|Any CPU
		{C1DCD24B-B0B5-4F50-827F-CD66F12C7FD9}.Release|Any CPU.ActiveCfg = Release|Any CPU
		{C1DCD24B-B0B5-4F50-827F-CD66F12C7FD9}.Release|Any CPU.Build.0 = Release|Any CPU
		{C1DCD24B-B0B5-4F50-827F-CD66F12C7FD9}.Release|x64.ActiveCfg = Release|Any CPU
		{C1DCD24B-B0B5-4F50-827F-CD66F12C7FD9}.Release|x64.Build.0 = Release|Any CPU
		{C1DCD24B-B0B5-4F50-827F-CD66F12C7FD9}.Release|x86.ActiveCfg = Release|Any CPU
		{C1DCD24B-B0B5-4F50-827F-CD66F12C7FD9}.Release|x86.Build.0 = Release|Any CPU
		{7A360AFA-83AC-40E8-9851-D1AAEB010027}.Debug|Any CPU.ActiveCfg = Debug|Any CPU
		{7A360AFA-83AC-40E8-9851-D1AAEB010027}.Debug|Any CPU.Build.0 = Debug|Any CPU
		{7A360AFA-83AC-40E8-9851-D1AAEB010027}.Debug|x64.ActiveCfg = Debug|Any CPU
		{7A360AFA-83AC-40E8-9851-D1AAEB010027}.Debug|x64.Build.0 = Debug|Any CPU
		{7A360AFA-83AC-40E8-9851-D1AAEB010027}.Debug|x86.ActiveCfg = Debug|Any CPU
		{7A360AFA-83AC-40E8-9851-D1AAEB010027}.Debug|x86.Build.0 = Debug|Any CPU
		{7A360AFA-83AC-40E8-9851-D1AAEB010027}.Release|Any CPU.ActiveCfg = Release|Any CPU
		{7A360AFA-83AC-40E8-9851-D1AAEB010027}.Release|Any CPU.Build.0 = Release|Any CPU
		{7A360AFA-83AC-40E8-9851-D1AAEB010027}.Release|x64.ActiveCfg = Release|Any CPU
		{7A360AFA-83AC-40E8-9851-D1AAEB010027}.Release|x64.Build.0 = Release|Any CPU
		{7A360AFA-83AC-40E8-9851-D1AAEB010027}.Release|x86.ActiveCfg = Release|Any CPU
		{7A360AFA-83AC-40E8-9851-D1AAEB010027}.Release|x86.Build.0 = Release|Any CPU
		{0A5D5793-05AE-464A-89E2-9E5E659626FB}.Debug|Any CPU.ActiveCfg = Debug|Any CPU
		{0A5D5793-05AE-464A-89E2-9E5E659626FB}.Debug|Any CPU.Build.0 = Debug|Any CPU
		{0A5D5793-05AE-464A-89E2-9E5E659626FB}.Debug|x64.ActiveCfg = Debug|Any CPU
		{0A5D5793-05AE-464A-89E2-9E5E659626FB}.Debug|x64.Build.0 = Debug|Any CPU
		{0A5D5793-05AE-464A-89E2-9E5E659626FB}.Debug|x86.ActiveCfg = Debug|Any CPU
		{0A5D5793-05AE-464A-89E2-9E5E659626FB}.Debug|x86.Build.0 = Debug|Any CPU
		{0A5D5793-05AE-464A-89E2-9E5E659626FB}.Release|Any CPU.ActiveCfg = Release|Any CPU
		{0A5D5793-05AE-464A-89E2-9E5E659626FB}.Release|Any CPU.Build.0 = Release|Any CPU
		{0A5D5793-05AE-464A-89E2-9E5E659626FB}.Release|x64.ActiveCfg = Release|Any CPU
		{0A5D5793-05AE-464A-89E2-9E5E659626FB}.Release|x64.Build.0 = Release|Any CPU
		{0A5D5793-05AE-464A-89E2-9E5E659626FB}.Release|x86.ActiveCfg = Release|Any CPU
		{0A5D5793-05AE-464A-89E2-9E5E659626FB}.Release|x86.Build.0 = Release|Any CPU
	EndGlobalSection
	GlobalSection(NestedProjects) = preSolution
		{971EC4A6-79AA-41BD-840A-A124452C9C0D} = {5D56EF88-B436-4C55-A8EB-51BCECF3A7AA}
		{9A38EC49-A559-4A03-9B60-75F6764377FE} = {5D56EF88-B436-4C55-A8EB-51BCECF3A7AA}
		{6E593A23-4973-4DBB-A6BB-BFDB69B72D45} = {5D56EF88-B436-4C55-A8EB-51BCECF3A7AA}
		{C1DCD24B-B0B5-4F50-827F-CD66F12C7FD9} = {5D56EF88-B436-4C55-A8EB-51BCECF3A7AA}
		{7A360AFA-83AC-40E8-9851-D1AAEB010027} = {5D56EF88-B436-4C55-A8EB-51BCECF3A7AA}
		{0A5D5793-05AE-464A-89E2-9E5E659626FB} = {5D56EF88-B436-4C55-A8EB-51BCECF3A7AA}
	EndGlobalSection
EndGlobal
